{
  "name": "@xeplr/utils",
  "version": "1.0.7",
  "lockfileVersion": 3,
  "requires": true,
  "packages": {
    "": {
      "name": "@xeplr/utils",
      "version": "1.0.7",
      "license": "MIT",
      "devDependencies": {
        "nodemailer": "^8.0.11"
      },
      "peerDependencies": {
        "@aws-sdk/client-ses": "^3.0.0",
        "@azure/communication-email": "^1.0.0",
        "ioredis": "^5.6.1",
        "multer": "^2.3.0",
        "nodemailer": "^8.0.2"
      },
      "peerDependenciesMeta": {
        "@aws-sdk/client-ses": {
          "optional": true
        },
        "@azure/communication-email": {
          "optional": true
        },
        "ioredis": {
          "optional": true
        },
        "multer": {
          "optional": true
        },
        "nodemailer": {
          "optional": true
        }
      }
    },
    "node_modules/nodemailer": {
      "version": "8.0.11",
      "resolved": "https://registry.npmjs.org/nodemailer/-/nodemailer-8.0.11.tgz",
      "integrity": "sha512-nrO/pDAUKl+wXX+lx16tDLbnm0fW6sK/x8mgohaCpg+CdCEl482bD4tCuAZk2DyliruiNTIZxRCoWkDqJEnAiA==",
      "dev": true,
      "license": "MIT-0",
      "engines": {
        "node": ">=6.0.0"
      }
    }
  }
}
